
Microsoft Visual Studio Solution File, Format Version 12.00
# Visual Studio 15
VisualStudioVersion = 15.0.28307.136
MinimumVisualStudioVersion = 10.0.40219.1
Project("{FAE04EC0-301F-11D3-BF4B-00C04F79EFBC}") = "ClassLibrary1", "ClassLibrary1\ClassLibrary1.csproj", "{9C655636-D8CC-4AA2-AF61-A82E5B623CB8}"
EndProject
Global
	GlobalSection(SolutionConfigurationPlatforms) = preSolution
		Debug|Any CPU = Debug|Any CPU
		Release|Any CPU = Release|Any CPU
	EndGlobalSection
	GlobalSection(ProjectConfigurationPlatforms) = postSolution
		{9C655636-D8CC-4AA2-AF61-A82E5B623CB8}.Debug|Any CPU.ActiveCfg = Debug|Any CPU
		{9C655636-D8CC-4AA2-AF61-A82E5B623CB8}.Debug|Any CPU.Build.0 = Debug|Any CPU
		{9C655636-D8CC-4AA2-AF61-A82E5B623CB8}.Release|Any CPU.ActiveCfg = Release|Any CPU
		{9C655636-D8CC-4AA2-AF61-A82E5B623CB8}.Release|Any CPU.Build.0 = Release|Any CPU
	EndGlobalSection
	GlobalSection(SolutionProperties) = preSolution
		HideSolutionNode = FALSE
	EndGlobalSection
	GlobalSection(ExtensibilityGlobals) = postSolution
		SolutionGuid = {A322BEB2-CDC9-4492-BB39-583FF7B40929}
	EndGlobalSection
EndGlobal
