
Microsoft Visual Studio Solution File, Format Version 12.00
# Visual Studio 15
VisualStudioVersion = 15.0.28307.136
MinimumVisualStudioVersion = 10.0.40219.1
Project("{FAE04EC0-301F-11D3-BF4B-00C04F79EFBC}") = "Legacy", "Legacy\Legacy.csproj", "{4AB96F88-4953-4885-B2BF-4E27F51929FA}"
EndProject
Project("{FAE04EC0-301F-11D3-BF4B-00C04F79EFBC}") = "UnitTestProject1", "UnitTestProject1\UnitTestProject1.csproj", "{716491FA-AAB6-4041-9CBE-339A98CBD824}"
EndProject
Global
	GlobalSection(SolutionConfigurationPlatforms) = preSolution
		Debug|Any CPU = Debug|Any CPU
		Release|Any CPU = Release|Any CPU
	EndGlobalSection
	GlobalSection(ProjectConfigurationPlatforms) = postSolution
		{4AB96F88-4953-4885-B2BF-4E27F51929FA}.Debug|Any CPU.ActiveCfg = Debug|Any CPU
		{4AB96F88-4953-4885-B2BF-4E27F51929FA}.Debug|Any CPU.Build.0 = Debug|Any CPU
		{4AB96F88-4953-4885-B2BF-4E27F51929FA}.Release|Any CPU.ActiveCfg = Release|Any CPU
		{4AB96F88-4953-4885-B2BF-4E27F51929FA}.Release|Any CPU.Build.0 = Release|Any CPU
		{716491FA-AAB6-4041-9CBE-339A98CBD824}.Debug|Any CPU.ActiveCfg = Debug|Any CPU
		{716491FA-AAB6-4041-9CBE-339A98CBD824}.Debug|Any CPU.Build.0 = Debug|Any CPU
		{716491FA-AAB6-4041-9CBE-339A98CBD824}.Release|Any CPU.ActiveCfg = Release|Any CPU
		{716491FA-AAB6-4041-9CBE-339A98CBD824}.Release|Any CPU.Build.0 = Release|Any CPU
	EndGlobalSection
	GlobalSection(SolutionProperties) = preSolution
		HideSolutionNode = FALSE
	EndGlobalSection
	GlobalSection(ExtensibilityGlobals) = postSolution
		SolutionGuid = {A322BEB2-CDC9-4492-BB39-583FF7B40929}
	EndGlobalSection
EndGlobal
